
Microsoft Visual Studio Solution File, Format Version 12.00
# Visual Studio Version 16
VisualStudioVersion = 16.0.30114.105
MinimumVisualStudioVersion = 10.0.40219.1
Project("{FAE04EC0-301F-11D3-BF4B-00C04F79EFBC}") = "UnderwaterCreaturesSummer2020", "UnderwaterCreaturesSummer2020\UnderwaterCreaturesSummer2020.csproj", "{6FAD4620-5841-41DB-BCBE-ED735F276CDE}"
EndProject
Global
	GlobalSection(SolutionConfigurationPlatforms) = preSolution
		Debug|Any CPU = Debug|Any CPU
		Release|Any CPU = Release|Any CPU
	EndGlobalSection
	GlobalSection(ProjectConfigurationPlatforms) = postSolution
		{6FAD4620-5841-41DB-BCBE-ED735F276CDE}.Debug|Any CPU.ActiveCfg = Debug|Any CPU
		{6FAD4620-5841-41DB-BCBE-ED735F276CDE}.Debug|Any CPU.Build.0 = Debug|Any CPU
		{6FAD4620-5841-41DB-BCBE-ED735F276CDE}.Release|Any CPU.ActiveCfg = Release|Any CPU
		{6FAD4620-5841-41DB-BCBE-ED735F276CDE}.Release|Any CPU.Build.0 = Release|Any CPU
	EndGlobalSection
	GlobalSection(SolutionProperties) = preSolution
		HideSolutionNode = FALSE
	EndGlobalSection
	GlobalSection(ExtensibilityGlobals) = postSolution
		SolutionGuid = {27390652-562F-45CC-B900-B0174332AA8B}
	EndGlobalSection
EndGlobal
