
Microsoft Visual Studio Solution File, Format Version 12.00
# Visual Studio Version 16
VisualStudioVersion = 16.0.30114.105
MinimumVisualStudioVersion = 10.0.40219.1
Project("{FAE04EC0-301F-11D3-BF4B-00C04F79EFBC}") = "DataStudyApp", "DataStudyApp\DataStudyApp.csproj", "{9F3D217C-67EF-4146-ADD9-D959746B1130}"
EndProject
Global
	GlobalSection(SolutionConfigurationPlatforms) = preSolution
		Debug|Any CPU = Debug|Any CPU
		Release|Any CPU = Release|Any CPU
	EndGlobalSection
	GlobalSection(ProjectConfigurationPlatforms) = postSolution
		{9F3D217C-67EF-4146-ADD9-D959746B1130}.Debug|Any CPU.ActiveCfg = Debug|Any CPU
		{9F3D217C-67EF-4146-ADD9-D959746B1130}.Debug|Any CPU.Build.0 = Debug|Any CPU
		{9F3D217C-67EF-4146-ADD9-D959746B1130}.Release|Any CPU.ActiveCfg = Release|Any CPU
		{9F3D217C-67EF-4146-ADD9-D959746B1130}.Release|Any CPU.Build.0 = Release|Any CPU
	EndGlobalSection
	GlobalSection(SolutionProperties) = preSolution
		HideSolutionNode = FALSE
	EndGlobalSection
	GlobalSection(ExtensibilityGlobals) = postSolution
		SolutionGuid = {28A63A0B-474F-442F-9A7A-FA0BE0BBFFD4}
	EndGlobalSection
EndGlobal
