
Microsoft Visual Studio Solution File, Format Version 12.00
# Visual Studio Version 16
VisualStudioVersion = 16.0.30114.105
MinimumVisualStudioVersion = 10.0.40219.1
Project("{FAE04EC0-301F-11D3-BF4B-00C04F79EFBC}") = "CelestialPizzaQuest", "CelestialPizzaQuest\CelestialPizzaQuest.csproj", "{C810108A-B455-4026-8D69-A10C04382F25}"
EndProject
Global
	GlobalSection(SolutionConfigurationPlatforms) = preSolution
		Debug|Any CPU = Debug|Any CPU
		Release|Any CPU = Release|Any CPU
	EndGlobalSection
	GlobalSection(ProjectConfigurationPlatforms) = postSolution
		{C810108A-B455-4026-8D69-A10C04382F25}.Debug|Any CPU.ActiveCfg = Debug|Any CPU
		{C810108A-B455-4026-8D69-A10C04382F25}.Debug|Any CPU.Build.0 = Debug|Any CPU
		{C810108A-B455-4026-8D69-A10C04382F25}.Release|Any CPU.ActiveCfg = Release|Any CPU
		{C810108A-B455-4026-8D69-A10C04382F25}.Release|Any CPU.Build.0 = Release|Any CPU
	EndGlobalSection
	GlobalSection(SolutionProperties) = preSolution
		HideSolutionNode = FALSE
	EndGlobalSection
	GlobalSection(ExtensibilityGlobals) = postSolution
		SolutionGuid = {E13992D3-F42E-411D-99F5-A0F7AC777886}
	EndGlobalSection
EndGlobal
